
Microsoft Visual Studio Solution File, Format Version 12.00
# Visual Studio Version 17
VisualStudioVersion = 17.9.34701.34
MinimumVisualStudioVersion = 10.0.40219.1
Project("{FAE04EC0-301F-11D3-BF4B-00C04F79EFBC}") = "Chess", "Chess\Chess.csproj", "{F36A4A58-3249-4FD9-806D-CDB85EFBAE62}"
EndProject
Global
	GlobalSection(SolutionConfigurationPlatforms) = preSolution
		Debug|Any CPU = Debug|Any CPU
		Release|Any CPU = Release|Any CPU
	EndGlobalSection
	GlobalSection(ProjectConfigurationPlatforms) = postSolution
		{F36A4A58-3249-4FD9-806D-CDB85EFBAE62}.Debug|Any CPU.ActiveCfg = Debug|Any CPU
		{F36A4A58-3249-4FD9-806D-CDB85EFBAE62}.Debug|Any CPU.Build.0 = Debug|Any CPU
		{F36A4A58-3249-4FD9-806D-CDB85EFBAE62}.Release|Any CPU.ActiveCfg = Release|Any CPU
		{F36A4A58-3249-4FD9-806D-CDB85EFBAE62}.Release|Any CPU.Build.0 = Release|Any CPU
	EndGlobalSection
	GlobalSection(SolutionProperties) = preSolution
		HideSolutionNode = FALSE
	EndGlobalSection
	GlobalSection(ExtensibilityGlobals) = postSolution
		SolutionGuid = {24CF4698-9CAA-4CCF-A09F-B2401B88CA7F}
	EndGlobalSection
EndGlobal
